
Microsoft Visual Studio Solution File, Format Version 12.00
# Visual Studio Version 17
VisualStudioVersion = 17.5.002.0
MinimumVisualStudioVersion = 10.0.40219.1
Project("{9A19103F-16F7-4668-BE54-9A1E7A4F7556}") = "ciphers", "ciphers.csproj", "{80B730CA-7588-4DDD-8E88-69297595399E}"
EndProject
Global
	GlobalSection(SolutionConfigurationPlatforms) = preSolution
		Debug|Any CPU = Debug|Any CPU
		Release|Any CPU = Release|Any CPU
	EndGlobalSection
	GlobalSection(ProjectConfigurationPlatforms) = postSolution
		{80B730CA-7588-4DDD-8E88-69297595399E}.Debug|Any CPU.ActiveCfg = Debug|Any CPU
		{80B730CA-7588-4DDD-8E88-69297595399E}.Debug|Any CPU.Build.0 = Debug|Any CPU
		{80B730CA-7588-4DDD-8E88-69297595399E}.Release|Any CPU.ActiveCfg = Release|Any CPU
		{80B730CA-7588-4DDD-8E88-69297595399E}.Release|Any CPU.Build.0 = Release|Any CPU
	EndGlobalSection
	GlobalSection(SolutionProperties) = preSolution
		HideSolutionNode = FALSE
	EndGlobalSection
	GlobalSection(ExtensibilityGlobals) = postSolution
		SolutionGuid = {BDB1C16C-A566-48D0-BF01-A9B1C4D7F10E}
	EndGlobalSection
EndGlobal
